
Microsoft Visual Studio Solution File, Format Version 12.00
# Visual Studio 15
VisualStudioVersion = 15.0.28010.2041
MinimumVisualStudioVersion = 10.0.40219.1
Project("{8BC9CEB8-8B4A-11D0-8D11-00A0C91BC942}") = "mca", "mca.vcxproj", "{423212F3-9C55-4AB3-803D-80ABB9006002}"
EndProject
Project("{8BC9CEB8-8B4A-11D0-8D11-00A0C91BC942}") = "record", "..\record\record.vcxproj", "{98EF6906-836A-4313-B4F3-B16395636431}"
EndProject
Global
	GlobalSection(SolutionConfigurationPlatforms) = preSolution
		Debug|x64 = Debug|x64
		Debug|x86 = Debug|x86
		Release|x64 = Release|x64
		Release|x86 = Release|x86
	EndGlobalSection
	GlobalSection(ProjectConfigurationPlatforms) = postSolution
		{423212F3-9C55-4AB3-803D-80ABB9006002}.Debug|x64.ActiveCfg = Debug|x64
		{423212F3-9C55-4AB3-803D-80ABB9006002}.Debug|x64.Build.0 = Debug|x64
		{423212F3-9C55-4AB3-803D-80ABB9006002}.Debug|x86.ActiveCfg = Debug|x64
		{423212F3-9C55-4AB3-803D-80ABB9006002}.Debug|x86.Build.0 = Debug|x64
		{423212F3-9C55-4AB3-803D-80ABB9006002}.Release|x64.ActiveCfg = Release|x64
		{423212F3-9C55-4AB3-803D-80ABB9006002}.Release|x64.Build.0 = Release|x64
		{423212F3-9C55-4AB3-803D-80ABB9006002}.Release|x86.ActiveCfg = Release|Win32
		{423212F3-9C55-4AB3-803D-80ABB9006002}.Release|x86.Build.0 = Release|Win32
		{98EF6906-836A-4313-B4F3-B16395636431}.Debug|x64.ActiveCfg = Debug|x64
		{98EF6906-836A-4313-B4F3-B16395636431}.Debug|x64.Build.0 = Debug|x64
		{98EF6906-836A-4313-B4F3-B16395636431}.Debug|x86.ActiveCfg = Debug|x64
		{98EF6906-836A-4313-B4F3-B16395636431}.Debug|x86.Build.0 = Debug|x64
		{98EF6906-836A-4313-B4F3-B16395636431}.Release|x64.ActiveCfg = Release|x64
		{98EF6906-836A-4313-B4F3-B16395636431}.Release|x64.Build.0 = Release|x64
		{98EF6906-836A-4313-B4F3-B16395636431}.Release|x86.ActiveCfg = Release|Win32
		{98EF6906-836A-4313-B4F3-B16395636431}.Release|x86.Build.0 = Release|Win32
	EndGlobalSection
	GlobalSection(SolutionProperties) = preSolution
		HideSolutionNode = FALSE
	EndGlobalSection
	GlobalSection(ExtensibilityGlobals) = postSolution
		SolutionGuid = {311B66BC-AE4E-4439-A7DD-9D8FD766A215}
	EndGlobalSection
EndGlobal
